# This file is autogenerated, do not edit; changes may be undone by the next 'dep ensure'.


[[projects]]
  digest = "1:99c79dc08249968d203bf4210220c01bd8250301600f5daf0a81f4c5f184f8d9"
  name = "github.com/bwmarrin/discordgo"
  packages = ["."]
  pruneopts = "UT"
  revision = "befbea878e0f1d0bb21be6723b6cf6db2689f6a8"
  version = "v0.22.0"

[[projects]]
  digest = "1:6d29f02f0f01c627c2be40fb7347669a9ff2aa215cb97747294c1d13ffa74bdd"
  name = "github.com/gorilla/websocket"
  packages = ["."]
  pruneopts = "UT"
  revision = "b65e62901fc1c0d968042419e74789f6af455eb9"
  version = "v1.4.2"

[[projects]]
  digest = "1:ecd9aa82687cf31d1585d4ac61d0ba180e42e8a6182b85bd785fcca8dfeefc1b"
  name = "github.com/joho/godotenv"
  packages = ["."]
  pruneopts = "UT"
  revision = "23d116af351c84513e1946b527c88823e476be13"
  version = "v1.3.0"

[[projects]]
  digest = "1:3e3d89f9c468cbdf98c8fd6ae37baa962329906e43444e54345ceb6fa3047401"
  name = "github.com/karrick/tparse"
  packages = ["v2"]
  pruneopts = "UT"
  revision = "ba93d3b960f266c08dd011bd316258c6adc1bcd0"
  version = "v2.8.2"

[[projects]]
  digest = "1:31062b727ec90b7f2589ea5c442578350cf4d303309cb041dcfbe507ebd91067"
  name = "github.com/labstack/echo"
  packages = ["."]
  pruneopts = "UT"
  revision = "cb84205219f6b0962ab5bb39ab6c0911f5f1652d"
  version = "v4.1.17"

[[projects]]
  digest = "1:9bc108827ac1d8783dea294f1ef07732fa4ca7d6e20518c04888a85828eba4ce"
  name = "github.com/labstack/gommon"
  packages = [
    "color",
    "log",
  ]
  pruneopts = "UT"
  revision = "4919956f6fb227b548f004da27c7c6b20fba499f"
  version = "v0.3.0"

[[projects]]
  digest = "1:2ab446aab5ae2fbd4310a4e11baf7d94b58c784c4b18d3efcd852affe8a6a881"
  name = "github.com/lus/dgc"
  packages = ["."]
  pruneopts = "UT"
  revision = "4838442d999ea3e8aee29ef5a481e3a9dfeb6844"
  version = "v1.0.6"

[[projects]]
  digest = "1:304d25ecc3f4ca39f894c959254d3f5fc6176276ccf1f874ded0cd441e2f964f"
  name = "github.com/mattn/go-colorable"
  packages = ["."]
  pruneopts = "UT"
  revision = "2e1b0c1546e0173c0907cf05c67b8ba29ed8b4d1"
  version = "v0.1.8"

[[projects]]
  digest = "1:0c58d31abe2a2ccb429c559b6292e7df89dcda675456fecc282fa90aa08273eb"
  name = "github.com/mattn/go-isatty"
  packages = ["."]
  pruneopts = "UT"
  revision = "7b513a986450394f7bbf1476909911b3aa3a55ce"
  version = "v0.0.12"

[[projects]]
  digest = "1:c468422f334a6b46a19448ad59aaffdfc0a36b08fdcc1c749a0b29b6453d7e59"
  name = "github.com/valyala/bytebufferpool"
  packages = ["."]
  pruneopts = "UT"
  revision = "e746df99fe4a3986f4d4f79e13c1e0117ce9c2f7"
  version = "v1.0.0"

[[projects]]
  digest = "1:d724474523928294ece8cc97e8d2371f27c7e6d3068bfa9ace93bd3105b4fdbd"
  name = "github.com/valyala/fasttemplate"
  packages = ["."]
  pruneopts = "UT"
  revision = "2275c48ed3e40f01fa347e220be31070a89b6ad4"
  version = "v1.2.1"

[[projects]]
  digest = "1:15d2b21385ada95d2243927d7e255cb3501c719c5ee349c4db2192a557047c6a"
  name = "github.com/zekroTJA/timedmap"
  packages = ["."]
  pruneopts = "UT"
  revision = "c13046c37e7a6ff56232e18b83e936089e6c86ee"
  version = "v1.3.0"

[[projects]]
  branch = "master"
  digest = "1:7b28a1be655e5caec29a139b1e1e11f73d92bdb52fbba04b61370818357c7d89"
  name = "golang.org/x/crypto"
  packages = [
    "acme",
    "acme/autocert",
    "internal/subtle",
    "nacl/secretbox",
    "poly1305",
    "salsa20/salsa",
  ]
  pruneopts = "UT"
  revision = "c8d3bf9c5392d5f66747f112cd55055d7a530b19"

[[projects]]
  branch = "master"
  digest = "1:f7e5cfe06d52b55a8127fd3871b45851552de03f6d9383bf8252dab314455c36"
  name = "golang.org/x/net"
  packages = [
    "http/httpguts",
    "http2",
    "http2/h2c",
    "http2/hpack",
    "idna",
  ]
  pruneopts = "UT"
  revision = "69a78807bb2bb6d1599c68698c6b009505012083"

[[projects]]
  branch = "master"
  digest = "1:fd651cc4d50ffde9524ca4ad59cbad6377f7bccb799e21d9b91a3c3991bf13c4"
  name = "golang.org/x/sys"
  packages = [
    "cpu",
    "internal/unsafeheader",
    "unix",
  ]
  pruneopts = "UT"
  revision = "111129e158e253c67594dc4ea20d2e600aec2534"

[[projects]]
  digest = "1:a45009ae1e0da0b589cd5da9f30770041573e61f2f79fb3e86aa3790d5c495c4"
  name = "golang.org/x/text"
  packages = [
    "collate",
    "collate/build",
    "internal/colltab",
    "internal/gen",
    "internal/language",
    "internal/language/compact",
    "internal/tag",
    "internal/triegen",
    "internal/ucd",
    "language",
    "secure/bidirule",
    "transform",
    "unicode/bidi",
    "unicode/cldr",
    "unicode/norm",
    "unicode/rangetable",
  ]
  pruneopts = "UT"
  revision = "22f1617af38ed4cd65b3b96e02bab267e560155c"
  version = "v0.3.4"

[solve-meta]
  analyzer-name = "dep"
  analyzer-version = 1
  input-imports = [
    "github.com/bwmarrin/discordgo",
    "github.com/joho/godotenv",
    "github.com/labstack/echo",
    "github.com/lus/dgc",
  ]
  solver-name = "gps-cdcl"
  solver-version = 1
